
Microsoft Visual Studio Solution File, Format Version 12.00
# Visual Studio Version 17
VisualStudioVersion = 17.4.33103.184
MinimumVisualStudioVersion = 10.0.40219.1
Project("{FAE04EC0-301F-11D3-BF4B-00C04F79EFBC}") = "hasanbitirme", "hasanbitirme\hasanbitirme.csproj", "{EED6968B-7F96-4EBD-9DD1-8B5BC58AC6CA}"
EndProject
Global
	GlobalSection(SolutionConfigurationPlatforms) = preSolution
		Debug|Any CPU = Debug|Any CPU
		Release|Any CPU = Release|Any CPU
	EndGlobalSection
	GlobalSection(ProjectConfigurationPlatforms) = postSolution
		{EED6968B-7F96-4EBD-9DD1-8B5BC58AC6CA}.Debug|Any CPU.ActiveCfg = Debug|Any CPU
		{EED6968B-7F96-4EBD-9DD1-8B5BC58AC6CA}.Debug|Any CPU.Build.0 = Debug|Any CPU
		{EED6968B-7F96-4EBD-9DD1-8B5BC58AC6CA}.Release|Any CPU.ActiveCfg = Release|Any CPU
		{EED6968B-7F96-4EBD-9DD1-8B5BC58AC6CA}.Release|Any CPU.Build.0 = Release|Any CPU
	EndGlobalSection
	GlobalSection(SolutionProperties) = preSolution
		HideSolutionNode = FALSE
	EndGlobalSection
	GlobalSection(ExtensibilityGlobals) = postSolution
		SolutionGuid = {4C1D2FF0-30D5-49ED-BE78-A87B8624E19A}
	EndGlobalSection
EndGlobal
